
Microsoft Visual Studio Solution File, Format Version 12.00
# Visual Studio Version 17
VisualStudioVersion = 17.7.33711.374
MinimumVisualStudioVersion = 10.0.40219.1
Project("{9A19103F-16F7-4668-BE54-9A1E7A4F7556}") = "BookShopWeb", "BookShopWeb\BookShopWeb.csproj", "{D4D66AF8-3930-46E9-A4BD-81D574FD4706}"
EndProject
Project("{FAE04EC0-301F-11D3-BF4B-00C04F79EFBC}") = "BookShopWeb_Razor", "BookShopWeb_Razor\BookShopWeb_Razor.csproj", "{466AEB2F-2D3D-4FDA-9487-C0D3665FB100}"
EndProject
Global
	GlobalSection(SolutionConfigurationPlatforms) = preSolution
		Debug|Any CPU = Debug|Any CPU
		Release|Any CPU = Release|Any CPU
	EndGlobalSection
	GlobalSection(ProjectConfigurationPlatforms) = postSolution
		{D4D66AF8-3930-46E9-A4BD-81D574FD4706}.Debug|Any CPU.ActiveCfg = Debug|Any CPU
		{D4D66AF8-3930-46E9-A4BD-81D574FD4706}.Debug|Any CPU.Build.0 = Debug|Any CPU
		{D4D66AF8-3930-46E9-A4BD-81D574FD4706}.Release|Any CPU.ActiveCfg = Release|Any CPU
		{D4D66AF8-3930-46E9-A4BD-81D574FD4706}.Release|Any CPU.Build.0 = Release|Any CPU
		{466AEB2F-2D3D-4FDA-9487-C0D3665FB100}.Debug|Any CPU.ActiveCfg = Debug|Any CPU
		{466AEB2F-2D3D-4FDA-9487-C0D3665FB100}.Debug|Any CPU.Build.0 = Debug|Any CPU
		{466AEB2F-2D3D-4FDA-9487-C0D3665FB100}.Release|Any CPU.ActiveCfg = Release|Any CPU
		{466AEB2F-2D3D-4FDA-9487-C0D3665FB100}.Release|Any CPU.Build.0 = Release|Any CPU
	EndGlobalSection
	GlobalSection(SolutionProperties) = preSolution
		HideSolutionNode = FALSE
	EndGlobalSection
	GlobalSection(ExtensibilityGlobals) = postSolution
		SolutionGuid = {9A5A8809-63C3-4636-9B4B-645B7C41E4E3}
	EndGlobalSection
EndGlobal
